
Microsoft Visual Studio Solution File, Format Version 12.00
# Visual Studio 14
VisualStudioVersion = 14.0.25420.1
MinimumVisualStudioVersion = 10.0.40219.1
Project("{8BC9CEB8-8B4A-11D0-8D11-00A0C91BC942}") = "WebRtc.NET", "WebRtc.NET\WebRtc.NET.vcxproj", "{A07E6CB4-0132-4EB1-9A38-C8C057884DC2}"
EndProject
Project("{FAE04EC0-301F-11D3-BF4B-00C04F79EFBC}") = "WebRtc.NET.Utils", "WebRtc.NET.Utils\WebRtc.NET.Utils.csproj", "{01062C91-04F7-486F-BC09-9C5B3EE468AB}"
EndProject
Project("{2150E333-8FDC-42A3-9474-1A3956D46DE8}") = "web", "web", "{E28DDFF2-84C7-4D8A-80E4-01EE800BB323}"
	ProjectSection(SolutionItems) = preProject
		web\adapter.js = web\adapter.js
		web\index.html = web\index.html
		web\rtc_main.js = web\rtc_main.js
	EndProjectSection
EndProject
Project("{FAE04EC0-301F-11D3-BF4B-00C04F79EFBC}") = "WebRtc.NET.Demo", "WebRtc.NET.Demo\WebRtc.NET.Demo.csproj", "{EBD5BC94-F7B0-418F-86AB-0827D7559D8E}"
EndProject
Project("{2150E333-8FDC-42A3-9474-1A3956D46DE8}") = "Solution Items", "Solution Items", "{20E5EFEB-A51D-4A9F-99A4-618745B59043}"
	ProjectSection(SolutionItems) = preProject
		README.md = README.md
	EndProjectSection
EndProject
Global
	GlobalSection(SolutionConfigurationPlatforms) = preSolution
		Debug|x64 = Debug|x64
		Debug|x86 = Debug|x86
		Release|x64 = Release|x64
		Release|x86 = Release|x86
	EndGlobalSection
	GlobalSection(ProjectConfigurationPlatforms) = postSolution
		{A07E6CB4-0132-4EB1-9A38-C8C057884DC2}.Debug|x64.ActiveCfg = Debug|x64
		{A07E6CB4-0132-4EB1-9A38-C8C057884DC2}.Debug|x64.Build.0 = Debug|x64
		{A07E6CB4-0132-4EB1-9A38-C8C057884DC2}.Debug|x86.ActiveCfg = Debug|Win32
		{A07E6CB4-0132-4EB1-9A38-C8C057884DC2}.Debug|x86.Build.0 = Debug|Win32
		{A07E6CB4-0132-4EB1-9A38-C8C057884DC2}.Release|x64.ActiveCfg = Release|x64
		{A07E6CB4-0132-4EB1-9A38-C8C057884DC2}.Release|x64.Build.0 = Release|x64
		{A07E6CB4-0132-4EB1-9A38-C8C057884DC2}.Release|x86.ActiveCfg = Release|Win32
		{A07E6CB4-0132-4EB1-9A38-C8C057884DC2}.Release|x86.Build.0 = Release|Win32
		{01062C91-04F7-486F-BC09-9C5B3EE468AB}.Debug|x64.ActiveCfg = Debug|Any CPU
		{01062C91-04F7-486F-BC09-9C5B3EE468AB}.Debug|x64.Build.0 = Debug|Any CPU
		{01062C91-04F7-486F-BC09-9C5B3EE468AB}.Debug|x86.ActiveCfg = Debug|Any CPU
		{01062C91-04F7-486F-BC09-9C5B3EE468AB}.Debug|x86.Build.0 = Debug|Any CPU
		{01062C91-04F7-486F-BC09-9C5B3EE468AB}.Release|x64.ActiveCfg = Release|Any CPU
		{01062C91-04F7-486F-BC09-9C5B3EE468AB}.Release|x64.Build.0 = Release|Any CPU
		{01062C91-04F7-486F-BC09-9C5B3EE468AB}.Release|x86.ActiveCfg = Release|Any CPU
		{01062C91-04F7-486F-BC09-9C5B3EE468AB}.Release|x86.Build.0 = Release|Any CPU
		{EBD5BC94-F7B0-418F-86AB-0827D7559D8E}.Debug|x64.ActiveCfg = Debug|x64
		{EBD5BC94-F7B0-418F-86AB-0827D7559D8E}.Debug|x64.Build.0 = Debug|x64
		{EBD5BC94-F7B0-418F-86AB-0827D7559D8E}.Debug|x86.ActiveCfg = Debug|x86
		{EBD5BC94-F7B0-418F-86AB-0827D7559D8E}.Debug|x86.Build.0 = Debug|x86
		{EBD5BC94-F7B0-418F-86AB-0827D7559D8E}.Release|x64.ActiveCfg = Release|x64
		{EBD5BC94-F7B0-418F-86AB-0827D7559D8E}.Release|x64.Build.0 = Release|x64
		{EBD5BC94-F7B0-418F-86AB-0827D7559D8E}.Release|x86.ActiveCfg = Release|x86
		{EBD5BC94-F7B0-418F-86AB-0827D7559D8E}.Release|x86.Build.0 = Release|x86
	EndGlobalSection
	GlobalSection(SolutionProperties) = preSolution
		HideSolutionNode = FALSE
	EndGlobalSection
EndGlobal
