<?xml version="1.0" encoding="utf-8"?>
<Project ToolsVersion="4.0" xmlns="http://schemas.microsoft.com/developer/msbuild/2003">
  <ItemGroup>
    <Filter Include="Source Files">
      <UniqueIdentifier>{4FC737F1-C7A5-4376-A066-2A32D752A2FF}</UniqueIdentifier>
      <Extensions>cpp;c;cc;cxx;def;odl;idl;hpj;bat;asm;asmx</Extensions>
    </Filter>
    <Filter Include="Header Files">
      <UniqueIdentifier>{93995380-89BD-4b04-88EB-625FBE52EBFB}</UniqueIdentifier>
      <Extensions>h;hh;hpp;hxx;hm;inl;inc;xsd</Extensions>
    </Filter>
    <Filter Include="Resource Files">
      <UniqueIdentifier>{67DA6AB6-F800-4c08-8B7A-83BB121AAD01}</UniqueIdentifier>
      <Extensions>rc;ico;cur;bmp;dlg;rc2;rct;bin;rgs;gif;jpg;jpeg;jpe;resx;tiff;tif;png;wav;mfcribbon-ms</Extensions>
    </Filter>
    <Filter Include="Source Files\src">
      <UniqueIdentifier>{978ab500-b617-4999-8a9d-4c1134f8528a}</UniqueIdentifier>
    </Filter>
    <Filter Include="Header Files\src">
      <UniqueIdentifier>{2d8f0fc9-d125-449b-a0a0-103d2815d93d}</UniqueIdentifier>
    </Filter>
    <Filter Include="Source Files\src\internals">
      <UniqueIdentifier>{48379b9e-12bc-4938-bfbb-2ace3b99771d}</UniqueIdentifier>
    </Filter>
  </ItemGroup>
  <ItemGroup>
    <ClInclude Include="stdafx.h">
      <Filter>Header Files</Filter>
    </ClInclude>
    <ClInclude Include="targetver.h">
      <Filter>Header Files</Filter>
    </ClInclude>
    <ClInclude Include="src\defaults.h">
      <Filter>Header Files\src</Filter>
    </ClInclude>
    <ClInclude Include="src\conductor.h">
      <Filter>Header Files\src</Filter>
    </ClInclude>
    <ClInclude Include="internals.h">
      <Filter>Header Files</Filter>
    </ClInclude>
    <ClInclude Include="src\TJpeg.h">
      <Filter>Header Files\src</Filter>
    </ClInclude>
  </ItemGroup>
  <ItemGroup>
    <ClCompile Include="stdafx.cpp">
      <Filter>Source Files</Filter>
    </ClCompile>
    <ClCompile Include="src\defaults.cc">
      <Filter>Source Files\src</Filter>
    </ClCompile>
    <ClCompile Include="src\conductor.cc">
      <Filter>Source Files\src</Filter>
    </ClCompile>
    <ClCompile Include="src\main.cc">
      <Filter>Source Files\src</Filter>
    </ClCompile>
    <ClCompile Include="src\managed.cpp">
      <Filter>Source Files\src</Filter>
    </ClCompile>
    <ClCompile Include="src\TJpeg.cpp">
      <Filter>Source Files\src</Filter>
    </ClCompile>
    <ClCompile Include="src\internals\yuvframegenerator.cc">
      <Filter>Source Files\src\internals</Filter>
    </ClCompile>
    <ClCompile Include="src\internals\vp8_impl.cc">
      <Filter>Source Files\src\internals</Filter>
    </ClCompile>
  </ItemGroup>
</Project>